// !$*UTF8*$!
{
	archiveVersion = 1;
	classes = {
	};
	objectVersion = 56;
	objects = {

/* Begin PBXBuildFile section */
		C4277D7629DD82B6007462AC /* TodayCell.swift in Sources */ = {isa = PBXBuildFile; fileRef = C4277D7529DD82B6007462AC /* TodayCell.swift */; };
		C43E157529DB7079004F554E /* AppsService.swift in Sources */ = {isa = PBXBuildFile; fileRef = C43E157429DB7079004F554E /* AppsService.swift */; };
		C43E157729DB715E004F554E /* AppModel.swift in Sources */ = {isa = PBXBuildFile; fileRef = C43E157629DB715E004F554E /* AppModel.swift */; };
		C43E157929DB73FF004F554E /* Constant.swift in Sources */ = {isa = PBXBuildFile; fileRef = C43E157829DB73FF004F554E /* Constant.swift */; };
		C43E157B29DB847D004F554E /* AppCellDetailCellViewModel.swift in Sources */ = {isa = PBXBuildFile; fileRef = C43E157A29DB847D004F554E /* AppCellDetailCellViewModel.swift */; };
		C4403FD329DE224600D75587 /* TodayDetailViewController.swift in Sources */ = {isa = PBXBuildFile; fileRef = C4403FD229DE224600D75587 /* TodayDetailViewController.swift */; };
		C449F98129D02BBE00E08B2D /* SearchCell.swift in Sources */ = {isa = PBXBuildFile; fileRef = C449F98029D02BBE00E08B2D /* SearchCell.swift */; };
		C449F98429D02E7100E08B2D /* Extension.swift in Sources */ = {isa = PBXBuildFile; fileRef = C449F98329D02E7100E08B2D /* Extension.swift */; };
		C44D69ED29DC0DD8007991DB /* AppInfoViewController.swift in Sources */ = {isa = PBXBuildFile; fileRef = C44D69EC29DC0DD8007991DB /* AppInfoViewController.swift */; };
		C44D69EF29DC0E8D007991DB /* AppInfoHeaderCell.swift in Sources */ = {isa = PBXBuildFile; fileRef = C44D69EE29DC0E8D007991DB /* AppInfoHeaderCell.swift */; };
		C44D69F129DC44D8007991DB /* AppInfoHeaderCellViewModel.swift in Sources */ = {isa = PBXBuildFile; fileRef = C44D69F029DC44D8007991DB /* AppInfoHeaderCellViewModel.swift */; };
		C44D69F929DC5942007991DB /* ScreenshotCell.swift in Sources */ = {isa = PBXBuildFile; fileRef = C44D69F829DC5941007991DB /* ScreenshotCell.swift */; };
		C44D69FB29DC5A46007991DB /* ScreenShotCellViewController.swift in Sources */ = {isa = PBXBuildFile; fileRef = C44D69FA29DC5A46007991DB /* ScreenShotCellViewController.swift */; };
		C44D69FD29DC5B16007991DB /* ScreenshotDetailCell.swift in Sources */ = {isa = PBXBuildFile; fileRef = C44D69FC29DC5B16007991DB /* ScreenshotDetailCell.swift */; };
		C44D6A0129DC6550007991DB /* ScreenshotDetailCellViewModel.swift in Sources */ = {isa = PBXBuildFile; fileRef = C44D6A0029DC6550007991DB /* ScreenshotDetailCellViewModel.swift */; };
		C456E66F29D8129E00EEBA57 /* Alamofire in Frameworks */ = {isa = PBXBuildFile; productRef = C456E66E29D8129E00EEBA57 /* Alamofire */; };
		C456E67229D8134300EEBA57 /* SearchService.swift in Sources */ = {isa = PBXBuildFile; fileRef = C456E67129D8134300EEBA57 /* SearchService.swift */; };
		C456E67B29D83EFA00EEBA57 /* SearchResult.swift in Sources */ = {isa = PBXBuildFile; fileRef = C456E67A29D83EFA00EEBA57 /* SearchResult.swift */; };
		C456E68729D854B300EEBA57 /* SearchCellViewModel.swift in Sources */ = {isa = PBXBuildFile; fileRef = C456E68629D854B300EEBA57 /* SearchCellViewModel.swift */; };
		C456E68A29D8557700EEBA57 /* Kingfisher in Frameworks */ = {isa = PBXBuildFile; productRef = C456E68929D8557700EEBA57 /* Kingfisher */; };
		C4753D7929DA055D001BEFFA /* AppsHeaderView.swift in Sources */ = {isa = PBXBuildFile; fileRef = C4753D7829DA055D001BEFFA /* AppsHeaderView.swift */; };
		C4753D7B29DA063A001BEFFA /* AppsHeaderViewController.swift in Sources */ = {isa = PBXBuildFile; fileRef = C4753D7A29DA063A001BEFFA /* AppsHeaderViewController.swift */; };
		C4753D7D29DA06A0001BEFFA /* AppsHeaderViewCell.swift in Sources */ = {isa = PBXBuildFile; fileRef = C4753D7C29DA06A0001BEFFA /* AppsHeaderViewCell.swift */; };
		C48A107029D98B5700A15F22 /* AppCell.swift in Sources */ = {isa = PBXBuildFile; fileRef = C48A106F29D98B5700A15F22 /* AppCell.swift */; };
		C48A107329D98C4700A15F22 /* AppCellDetailViewController.swift in Sources */ = {isa = PBXBuildFile; fileRef = C48A107229D98C4700A15F22 /* AppCellDetailViewController.swift */; };
		C48A107529D98DC700A15F22 /* AppCellDetailCell.swift in Sources */ = {isa = PBXBuildFile; fileRef = C48A107429D98DC700A15F22 /* AppCellDetailCell.swift */; };
		C4B5AC7229DEB97800894DBF /* TodayModel.swift in Sources */ = {isa = PBXBuildFile; fileRef = C4B5AC7129DEB97800894DBF /* TodayModel.swift */; };
		C4B5AC7429DEBB8200894DBF /* TodayDetailViewModel.swift in Sources */ = {isa = PBXBuildFile; fileRef = C4B5AC7329DEBB8200894DBF /* TodayDetailViewModel.swift */; };
		C4B5AC7629DEBC6800894DBF /* TodayDetailCell.swift in Sources */ = {isa = PBXBuildFile; fileRef = C4B5AC7529DEBC6800894DBF /* TodayDetailCell.swift */; };
		C4C8250C29CEDBBF002808D0 /* AppDelegate.swift in Sources */ = {isa = PBXBuildFile; fileRef = C4C8250B29CEDBBF002808D0 /* AppDelegate.swift */; };
		C4C8250E29CEDBBF002808D0 /* SceneDelegate.swift in Sources */ = {isa = PBXBuildFile; fileRef = C4C8250D29CEDBBF002808D0 /* SceneDelegate.swift */; };
		C4C8251529CEDBC2002808D0 /* Assets.xcassets in Resources */ = {isa = PBXBuildFile; fileRef = C4C8251429CEDBC2002808D0 /* Assets.xcassets */; };
		C4C8251829CEDBC2002808D0 /* LaunchScreen.storyboard in Resources */ = {isa = PBXBuildFile; fileRef = C4C8251629CEDBC2002808D0 /* LaunchScreen.storyboard */; };
		C4C8252029CEDBE9002808D0 /* MainTabBarController.swift in Sources */ = {isa = PBXBuildFile; fileRef = C4C8251F29CEDBE9002808D0 /* MainTabBarController.swift */; };
		C4CA8C0129DCC42500837019 /* RatingsCell.swift in Sources */ = {isa = PBXBuildFile; fileRef = C4CA8C0029DCC42500837019 /* RatingsCell.swift */; };
		C4CA8C0329DCC53D00837019 /* RatingsCellViewController.swift in Sources */ = {isa = PBXBuildFile; fileRef = C4CA8C0229DCC53D00837019 /* RatingsCellViewController.swift */; };
		C4CA8C0529DCC5FD00837019 /* RatingsDetailCell.swift in Sources */ = {isa = PBXBuildFile; fileRef = C4CA8C0429DCC5FD00837019 /* RatingsDetailCell.swift */; };
		C4CA8C0B29DCE00000837019 /* RatingsModel.swift in Sources */ = {isa = PBXBuildFile; fileRef = C4CA8C0A29DCE00000837019 /* RatingsModel.swift */; };
		C4CA8C0D29DCE21E00837019 /* RatingsDetailCellViewModel.swift in Sources */ = {isa = PBXBuildFile; fileRef = C4CA8C0C29DCE21E00837019 /* RatingsDetailCellViewModel.swift */; };
		C4D0443829DB924A00B84376 /* AppHeaderModel.swift in Sources */ = {isa = PBXBuildFile; fileRef = C4D0443729DB924A00B84376 /* AppHeaderModel.swift */; };
		C4D0443A29DB93A500B84376 /* AppsHeaderViewModel.swift in Sources */ = {isa = PBXBuildFile; fileRef = C4D0443929DB93A500B84376 /* AppsHeaderViewModel.swift */; };
		C4E17A8C29CF2477009A82A0 /* TodayViewController.swift in Sources */ = {isa = PBXBuildFile; fileRef = C4E17A8B29CF2477009A82A0 /* TodayViewController.swift */; };
		C4E17A8E29CF2481009A82A0 /* AppsViewContoller.swift in Sources */ = {isa = PBXBuildFile; fileRef = C4E17A8D29CF2481009A82A0 /* AppsViewContoller.swift */; };
		C4E17A9029CF2490009A82A0 /* SearchViewController.swift in Sources */ = {isa = PBXBuildFile; fileRef = C4E17A8F29CF2490009A82A0 /* SearchViewController.swift */; };
/* End PBXBuildFile section */

/* Begin PBXFileReference section */
		C4277D7529DD82B6007462AC /* TodayCell.swift */ = {isa = PBXFileReference; lastKnownFileType = sourcecode.swift; path = TodayCell.swift; sourceTree = "<group>"; };
		C43E157429DB7079004F554E /* AppsService.swift */ = {isa = PBXFileReference; lastKnownFileType = sourcecode.swift; path = AppsService.swift; sourceTree = "<group>"; };
		C43E157629DB715E004F554E /* AppModel.swift */ = {isa = PBXFileReference; lastKnownFileType = sourcecode.swift; path = AppModel.swift; sourceTree = "<group>"; };
		C43E157829DB73FF004F554E /* Constant.swift */ = {isa = PBXFileReference; lastKnownFileType = sourcecode.swift; path = Constant.swift; sourceTree = "<group>"; };
		C43E157A29DB847D004F554E /* AppCellDetailCellViewModel.swift */ = {isa = PBXFileReference; lastKnownFileType = sourcecode.swift; path = AppCellDetailCellViewModel.swift; sourceTree = "<group>"; };
		C4403FD229DE224600D75587 /* TodayDetailViewController.swift */ = {isa = PBXFileReference; lastKnownFileType = sourcecode.swift; path = TodayDetailViewController.swift; sourceTree = "<group>"; };
		C449F98029D02BBE00E08B2D /* SearchCell.swift */ = {isa = PBXFileReference; lastKnownFileType = sourcecode.swift; path = SearchCell.swift; sourceTree = "<group>"; };
		C449F98329D02E7100E08B2D /* Extension.swift */ = {isa = PBXFileReference; lastKnownFileType = sourcecode.swift; path = Extension.swift; sourceTree = "<group>"; };
		C44D69EC29DC0DD8007991DB /* AppInfoViewController.swift */ = {isa = PBXFileReference; lastKnownFileType = sourcecode.swift; path = AppInfoViewController.swift; sourceTree = "<group>"; };
		C44D69EE29DC0E8D007991DB /* AppInfoHeaderCell.swift */ = {isa = PBXFileReference; lastKnownFileType = sourcecode.swift; path = AppInfoHeaderCell.swift; sourceTree = "<group>"; };
		C44D69F029DC44D8007991DB /* AppInfoHeaderCellViewModel.swift */ = {isa = PBXFileReference; lastKnownFileType = sourcecode.swift; path = AppInfoHeaderCellViewModel.swift; sourceTree = "<group>"; };
		C44D69F829DC5941007991DB /* ScreenshotCell.swift */ = {isa = PBXFileReference; lastKnownFileType = sourcecode.swift; path = ScreenshotCell.swift; sourceTree = "<group>"; };
		C44D69FA29DC5A46007991DB /* ScreenShotCellViewController.swift */ = {isa = PBXFileReference; lastKnownFileType = sourcecode.swift; path = ScreenShotCellViewController.swift; sourceTree = "<group>"; };
		C44D69FC29DC5B16007991DB /* ScreenshotDetailCell.swift */ = {isa = PBXFileReference; lastKnownFileType = sourcecode.swift; path = ScreenshotDetailCell.swift; sourceTree = "<group>"; };
		C44D6A0029DC6550007991DB /* ScreenshotDetailCellViewModel.swift */ = {isa = PBXFileReference; lastKnownFileType = sourcecode.swift; path = ScreenshotDetailCellViewModel.swift; sourceTree = "<group>"; };
		C456E67129D8134300EEBA57 /* SearchService.swift */ = {isa = PBXFileReference; lastKnownFileType = sourcecode.swift; path = SearchService.swift; sourceTree = "<group>"; };
		C456E67A29D83EFA00EEBA57 /* SearchResult.swift */ = {isa = PBXFileReference; lastKnownFileType = sourcecode.swift; path = SearchResult.swift; sourceTree = "<group>"; };
		C456E68629D854B300EEBA57 /* SearchCellViewModel.swift */ = {isa = PBXFileReference; lastKnownFileType = sourcecode.swift; path = SearchCellViewModel.swift; sourceTree = "<group>"; };
		C4753D7829DA055D001BEFFA /* AppsHeaderView.swift */ = {isa = PBXFileReference; lastKnownFileType = sourcecode.swift; path = AppsHeaderView.swift; sourceTree = "<group>"; };
		C4753D7A29DA063A001BEFFA /* AppsHeaderViewController.swift */ = {isa = PBXFileReference; lastKnownFileType = sourcecode.swift; path = AppsHeaderViewController.swift; sourceTree = "<group>"; };
		C4753D7C29DA06A0001BEFFA /* AppsHeaderViewCell.swift */ = {isa = PBXFileReference; lastKnownFileType = sourcecode.swift; path = AppsHeaderViewCell.swift; sourceTree = "<group>"; };
		C48A106F29D98B5700A15F22 /* AppCell.swift */ = {isa = PBXFileReference; lastKnownFileType = sourcecode.swift; path = AppCell.swift; sourceTree = "<group>"; };
		C48A107229D98C4700A15F22 /* AppCellDetailViewController.swift */ = {isa = PBXFileReference; lastKnownFileType = sourcecode.swift; path = AppCellDetailViewController.swift; sourceTree = "<group>"; };
		C48A107429D98DC700A15F22 /* AppCellDetailCell.swift */ = {isa = PBXFileReference; lastKnownFileType = sourcecode.swift; path = AppCellDetailCell.swift; sourceTree = "<group>"; };
		C4B5AC7129DEB97800894DBF /* TodayModel.swift */ = {isa = PBXFileReference; lastKnownFileType = sourcecode.swift; path = TodayModel.swift; sourceTree = "<group>"; };
		C4B5AC7329DEBB8200894DBF /* TodayDetailViewModel.swift */ = {isa = PBXFileReference; lastKnownFileType = sourcecode.swift; path = TodayDetailViewModel.swift; sourceTree = "<group>"; };
		C4B5AC7529DEBC6800894DBF /* TodayDetailCell.swift */ = {isa = PBXFileReference; lastKnownFileType = sourcecode.swift; path = TodayDetailCell.swift; sourceTree = "<group>"; };
		C4C8250829CEDBBF002808D0 /* AppStore.app */ = {isa = PBXFileReference; explicitFileType = wrapper.application; includeInIndex = 0; path = AppStore.app; sourceTree = BUILT_PRODUCTS_DIR; };
		C4C8250B29CEDBBF002808D0 /* AppDelegate.swift */ = {isa = PBXFileReference; lastKnownFileType = sourcecode.swift; path = AppDelegate.swift; sourceTree = "<group>"; };
		C4C8250D29CEDBBF002808D0 /* SceneDelegate.swift */ = {isa = PBXFileReference; lastKnownFileType = sourcecode.swift; path = SceneDelegate.swift; sourceTree = "<group>"; };
		C4C8251429CEDBC2002808D0 /* Assets.xcassets */ = {isa = PBXFileReference; lastKnownFileType = folder.assetcatalog; path = Assets.xcassets; sourceTree = "<group>"; };
		C4C8251729CEDBC2002808D0 /* Base */ = {isa = PBXFileReference; lastKnownFileType = file.storyboard; name = Base; path = Base.lproj/LaunchScreen.storyboard; sourceTree = "<group>"; };
		C4C8251929CEDBC2002808D0 /* Info.plist */ = {isa = PBXFileReference; lastKnownFileType = text.plist.xml; path = Info.plist; sourceTree = "<group>"; };
		C4C8251F29CEDBE9002808D0 /* MainTabBarController.swift */ = {isa = PBXFileReference; lastKnownFileType = sourcecode.swift; path = MainTabBarController.swift; sourceTree = "<group>"; };
		C4CA8C0029DCC42500837019 /* RatingsCell.swift */ = {isa = PBXFileReference; lastKnownFileType = sourcecode.swift; path = RatingsCell.swift; sourceTree = "<group>"; };
		C4CA8C0229DCC53D00837019 /* RatingsCellViewController.swift */ = {isa = PBXFileReference; lastKnownFileType = sourcecode.swift; path = RatingsCellViewController.swift; sourceTree = "<group>"; };
		C4CA8C0429DCC5FD00837019 /* RatingsDetailCell.swift */ = {isa = PBXFileReference; lastKnownFileType = sourcecode.swift; path = RatingsDetailCell.swift; sourceTree = "<group>"; };
		C4CA8C0A29DCE00000837019 /* RatingsModel.swift */ = {isa = PBXFileReference; lastKnownFileType = sourcecode.swift; path = RatingsModel.swift; sourceTree = "<group>"; };
		C4CA8C0C29DCE21E00837019 /* RatingsDetailCellViewModel.swift */ = {isa = PBXFileReference; lastKnownFileType = sourcecode.swift; path = RatingsDetailCellViewModel.swift; sourceTree = "<group>"; };
		C4D0443729DB924A00B84376 /* AppHeaderModel.swift */ = {isa = PBXFileReference; lastKnownFileType = sourcecode.swift; path = AppHeaderModel.swift; sourceTree = "<group>"; };
		C4D0443929DB93A500B84376 /* AppsHeaderViewModel.swift */ = {isa = PBXFileReference; lastKnownFileType = sourcecode.swift; path = AppsHeaderViewModel.swift; sourceTree = "<group>"; };
		C4E17A8B29CF2477009A82A0 /* TodayViewController.swift */ = {isa = PBXFileReference; lastKnownFileType = sourcecode.swift; path = TodayViewController.swift; sourceTree = "<group>"; };
		C4E17A8D29CF2481009A82A0 /* AppsViewContoller.swift */ = {isa = PBXFileReference; lastKnownFileType = sourcecode.swift; path = AppsViewContoller.swift; sourceTree = "<group>"; };
		C4E17A8F29CF2490009A82A0 /* SearchViewController.swift */ = {isa = PBXFileReference; lastKnownFileType = sourcecode.swift; path = SearchViewController.swift; sourceTree = "<group>"; };
/* End PBXFileReference section */

/* Begin PBXFrameworksBuildPhase section */
		C4C8250529CEDBBF002808D0 /* Frameworks */ = {
			isa = PBXFrameworksBuildPhase;
			buildActionMask = 2147483647;
			files = (
				C456E68A29D8557700EEBA57 /* Kingfisher in Frameworks */,
				C456E66F29D8129E00EEBA57 /* Alamofire in Frameworks */,
			);
			runOnlyForDeploymentPostprocessing = 0;
		};
/* End PBXFrameworksBuildPhase section */

/* Begin PBXGroup section */
		C4277D7329DD8257007462AC /* Today */ = {
			isa = PBXGroup;
			children = (
				C4E17A8B29CF2477009A82A0 /* TodayViewController.swift */,
				C4403FD229DE224600D75587 /* TodayDetailViewController.swift */,
			);
			path = Today;
			sourceTree = "<group>";
		};
		C4277D7429DD82AB007462AC /* Today */ = {
			isa = PBXGroup;
			children = (
				C4277D7529DD82B6007462AC /* TodayCell.swift */,
				C4B5AC7529DEBC6800894DBF /* TodayDetailCell.swift */,
			);
			path = Today;
			sourceTree = "<group>";
		};
		C449F97F29D02BB200E08B2D /* View */ = {
			isa = PBXGroup;
			children = (
				C4277D7429DD82AB007462AC /* Today */,
				C449F98029D02BBE00E08B2D /* SearchCell.swift */,
				C48A106F29D98B5700A15F22 /* AppCell.swift */,
				C48A107429D98DC700A15F22 /* AppCellDetailCell.swift */,
				C4753D7829DA055D001BEFFA /* AppsHeaderView.swift */,
				C4753D7C29DA06A0001BEFFA /* AppsHeaderViewCell.swift */,
				C44D69EE29DC0E8D007991DB /* AppInfoHeaderCell.swift */,
				C44D69F829DC5941007991DB /* ScreenshotCell.swift */,
				C44D69FC29DC5B16007991DB /* ScreenshotDetailCell.swift */,
				C4CA8C0029DCC42500837019 /* RatingsCell.swift */,
				C4CA8C0429DCC5FD00837019 /* RatingsDetailCell.swift */,
			);
			path = View;
			sourceTree = "<group>";
		};
		C449F98229D02E5E00E08B2D /* Helpers */ = {
			isa = PBXGroup;
			children = (
				C449F98329D02E7100E08B2D /* Extension.swift */,
				C43E157829DB73FF004F554E /* Constant.swift */,
			);
			path = Helpers;
			sourceTree = "<group>";
		};
		C456E67029D8133300EEBA57 /* Service */ = {
			isa = PBXGroup;
			children = (
				C456E67129D8134300EEBA57 /* SearchService.swift */,
				C43E157429DB7079004F554E /* AppsService.swift */,
			);
			path = Service;
			sourceTree = "<group>";
		};
		C456E67929D83EEB00EEBA57 /* Model */ = {
			isa = PBXGroup;
			children = (
				C456E67A29D83EFA00EEBA57 /* SearchResult.swift */,
				C43E157629DB715E004F554E /* AppModel.swift */,
				C4D0443729DB924A00B84376 /* AppHeaderModel.swift */,
				C4CA8C0A29DCE00000837019 /* RatingsModel.swift */,
				C4B5AC7129DEB97800894DBF /* TodayModel.swift */,
			);
			path = Model;
			sourceTree = "<group>";
		};
		C456E68529D854A500EEBA57 /* ViewModel */ = {
			isa = PBXGroup;
			children = (
				C456E68629D854B300EEBA57 /* SearchCellViewModel.swift */,
				C43E157A29DB847D004F554E /* AppCellDetailCellViewModel.swift */,
				C4D0443929DB93A500B84376 /* AppsHeaderViewModel.swift */,
				C44D69F029DC44D8007991DB /* AppInfoHeaderCellViewModel.swift */,
				C44D6A0029DC6550007991DB /* ScreenshotDetailCellViewModel.swift */,
				C4CA8C0C29DCE21E00837019 /* RatingsDetailCellViewModel.swift */,
				C4B5AC7329DEBB8200894DBF /* TodayDetailViewModel.swift */,
			);
			path = ViewModel;
			sourceTree = "<group>";
		};
		C48A107129D98C2E00A15F22 /* Apps */ = {
			isa = PBXGroup;
			children = (
				C4E17A8D29CF2481009A82A0 /* AppsViewContoller.swift */,
				C48A107229D98C4700A15F22 /* AppCellDetailViewController.swift */,
				C4753D7A29DA063A001BEFFA /* AppsHeaderViewController.swift */,
				C44D69EC29DC0DD8007991DB /* AppInfoViewController.swift */,
				C44D69FA29DC5A46007991DB /* ScreenShotCellViewController.swift */,
				C4CA8C0229DCC53D00837019 /* RatingsCellViewController.swift */,
			);
			path = Apps;
			sourceTree = "<group>";
		};
		C4C824FF29CEDBBF002808D0 = {
			isa = PBXGroup;
			children = (
				C4C8250A29CEDBBF002808D0 /* AppStore */,
				C4C8250929CEDBBF002808D0 /* Products */,
			);
			sourceTree = "<group>";
		};
		C4C8250929CEDBBF002808D0 /* Products */ = {
			isa = PBXGroup;
			children = (
				C4C8250829CEDBBF002808D0 /* AppStore.app */,
			);
			name = Products;
			sourceTree = "<group>";
		};
		C4C8250A29CEDBBF002808D0 /* AppStore */ = {
			isa = PBXGroup;
			children = (
				C456E68529D854A500EEBA57 /* ViewModel */,
				C456E67929D83EEB00EEBA57 /* Model */,
				C456E67029D8133300EEBA57 /* Service */,
				C449F98229D02E5E00E08B2D /* Helpers */,
				C449F97F29D02BB200E08B2D /* View */,
				C4C8252229CEDC8F002808D0 /* Controller */,
				C4C8252129CEDC6D002808D0 /* Files */,
			);
			path = AppStore;
			sourceTree = "<group>";
		};
		C4C8252129CEDC6D002808D0 /* Files */ = {
			isa = PBXGroup;
			children = (
				C4C8250B29CEDBBF002808D0 /* AppDelegate.swift */,
				C4C8250D29CEDBBF002808D0 /* SceneDelegate.swift */,
				C4C8251629CEDBC2002808D0 /* LaunchScreen.storyboard */,
				C4C8251429CEDBC2002808D0 /* Assets.xcassets */,
				C4C8251929CEDBC2002808D0 /* Info.plist */,
			);
			name = Files;
			sourceTree = "<group>";
		};
		C4C8252229CEDC8F002808D0 /* Controller */ = {
			isa = PBXGroup;
			children = (
				C4277D7329DD8257007462AC /* Today */,
				C48A107129D98C2E00A15F22 /* Apps */,
				C4C8251F29CEDBE9002808D0 /* MainTabBarController.swift */,
				C4E17A8F29CF2490009A82A0 /* SearchViewController.swift */,
			);
			path = Controller;
			sourceTree = "<group>";
		};
/* End PBXGroup section */

/* Begin PBXNativeTarget section */
		C4C8250729CEDBBF002808D0 /* AppStore */ = {
			isa = PBXNativeTarget;
			buildConfigurationList = C4C8251C29CEDBC2002808D0 /* Build configuration list for PBXNativeTarget "AppStore" */;
			buildPhases = (
				C4C8250429CEDBBF002808D0 /* Sources */,
				C4C8250529CEDBBF002808D0 /* Frameworks */,
				C4C8250629CEDBBF002808D0 /* Resources */,
			);
			buildRules = (
			);
			dependencies = (
			);
			name = AppStore;
			packageProductDependencies = (
				C456E66E29D8129E00EEBA57 /* Alamofire */,
				C456E68929D8557700EEBA57 /* Kingfisher */,
			);
			productName = AppStore;
			productReference = C4C8250829CEDBBF002808D0 /* AppStore.app */;
			productType = "com.apple.product-type.application";
		};
/* End PBXNativeTarget section */

/* Begin PBXProject section */
		C4C8250029CEDBBF002808D0 /* Project object */ = {
			isa = PBXProject;
			attributes = {
				BuildIndependentTargetsInParallel = 1;
				LastSwiftUpdateCheck = 1420;
				LastUpgradeCheck = 1420;
				TargetAttributes = {
					C4C8250729CEDBBF002808D0 = {
						CreatedOnToolsVersion = 14.2;
					};
				};
			};
			buildConfigurationList = C4C8250329CEDBBF002808D0 /* Build configuration list for PBXProject "AppStore" */;
			compatibilityVersion = "Xcode 14.0";
			developmentRegion = en;
			hasScannedForEncodings = 0;
			knownRegions = (
				en,
				Base,
			);
			mainGroup = C4C824FF29CEDBBF002808D0;
			packageReferences = (
				C456E66D29D8129E00EEBA57 /* XCRemoteSwiftPackageReference "Alamofire" */,
				C456E68829D8557700EEBA57 /* XCRemoteSwiftPackageReference "Kingfisher" */,
			);
			productRefGroup = C4C8250929CEDBBF002808D0 /* Products */;
			projectDirPath = "";
			projectRoot = "";
			targets = (
				C4C8250729CEDBBF002808D0 /* AppStore */,
			);
		};
/* End PBXProject section */

/* Begin PBXResourcesBuildPhase section */
		C4C8250629CEDBBF002808D0 /* Resources */ = {
			isa = PBXResourcesBuildPhase;
			buildActionMask = 2147483647;
			files = (
				C4C8251829CEDBC2002808D0 /* LaunchScreen.storyboard in Resources */,
				C4C8251529CEDBC2002808D0 /* Assets.xcassets in Resources */,
			);
			runOnlyForDeploymentPostprocessing = 0;
		};
/* End PBXResourcesBuildPhase section */

/* Begin PBXSourcesBuildPhase section */
		C4C8250429CEDBBF002808D0 /* Sources */ = {
			isa = PBXSourcesBuildPhase;
			buildActionMask = 2147483647;
			files = (
				C456E67229D8134300EEBA57 /* SearchService.swift in Sources */,
				C4B5AC7229DEB97800894DBF /* TodayModel.swift in Sources */,
				C43E157529DB7079004F554E /* AppsService.swift in Sources */,
				C4753D7929DA055D001BEFFA /* AppsHeaderView.swift in Sources */,
				C4E17A9029CF2490009A82A0 /* SearchViewController.swift in Sources */,
				C456E67B29D83EFA00EEBA57 /* SearchResult.swift in Sources */,
				C4E17A8C29CF2477009A82A0 /* TodayViewController.swift in Sources */,
				C4753D7B29DA063A001BEFFA /* AppsHeaderViewController.swift in Sources */,
				C43E157B29DB847D004F554E /* AppCellDetailCellViewModel.swift in Sources */,
				C44D69FD29DC5B16007991DB /* ScreenshotDetailCell.swift in Sources */,
				C44D69F129DC44D8007991DB /* AppInfoHeaderCellViewModel.swift in Sources */,
				C43E157929DB73FF004F554E /* Constant.swift in Sources */,
				C4277D7629DD82B6007462AC /* TodayCell.swift in Sources */,
				C4E17A8E29CF2481009A82A0 /* AppsViewContoller.swift in Sources */,
				C4CA8C0B29DCE00000837019 /* RatingsModel.swift in Sources */,
				C44D69ED29DC0DD8007991DB /* AppInfoViewController.swift in Sources */,
				C4D0443829DB924A00B84376 /* AppHeaderModel.swift in Sources */,
				C4403FD329DE224600D75587 /* TodayDetailViewController.swift in Sources */,
				C449F98129D02BBE00E08B2D /* SearchCell.swift in Sources */,
				C4D0443A29DB93A500B84376 /* AppsHeaderViewModel.swift in Sources */,
				C48A107529D98DC700A15F22 /* AppCellDetailCell.swift in Sources */,
				C4CA8C0129DCC42500837019 /* RatingsCell.swift in Sources */,
				C4B5AC7429DEBB8200894DBF /* TodayDetailViewModel.swift in Sources */,
				C48A107329D98C4700A15F22 /* AppCellDetailViewController.swift in Sources */,
				C43E157729DB715E004F554E /* AppModel.swift in Sources */,
				C44D6A0129DC6550007991DB /* ScreenshotDetailCellViewModel.swift in Sources */,
				C4C8250C29CEDBBF002808D0 /* AppDelegate.swift in Sources */,
				C4753D7D29DA06A0001BEFFA /* AppsHeaderViewCell.swift in Sources */,
				C4B5AC7629DEBC6800894DBF /* TodayDetailCell.swift in Sources */,
				C44D69F929DC5942007991DB /* ScreenshotCell.swift in Sources */,
				C44D69EF29DC0E8D007991DB /* AppInfoHeaderCell.swift in Sources */,
				C4C8252029CEDBE9002808D0 /* MainTabBarController.swift in Sources */,
				C456E68729D854B300EEBA57 /* SearchCellViewModel.swift in Sources */,
				C4CA8C0529DCC5FD00837019 /* RatingsDetailCell.swift in Sources */,
				C48A107029D98B5700A15F22 /* AppCell.swift in Sources */,
				C4C8250E29CEDBBF002808D0 /* SceneDelegate.swift in Sources */,
				C4CA8C0D29DCE21E00837019 /* RatingsDetailCellViewModel.swift in Sources */,
				C4CA8C0329DCC53D00837019 /* RatingsCellViewController.swift in Sources */,
				C44D69FB29DC5A46007991DB /* ScreenShotCellViewController.swift in Sources */,
				C449F98429D02E7100E08B2D /* Extension.swift in Sources */,
			);
			runOnlyForDeploymentPostprocessing = 0;
		};
/* End PBXSourcesBuildPhase section */

/* Begin PBXVariantGroup section */
		C4C8251629CEDBC2002808D0 /* LaunchScreen.storyboard */ = {
			isa = PBXVariantGroup;
			children = (
				C4C8251729CEDBC2002808D0 /* Base */,
			);
			name = LaunchScreen.storyboard;
			sourceTree = "<group>";
		};
/* End PBXVariantGroup section */

/* Begin XCBuildConfiguration section */
		C4C8251A29CEDBC2002808D0 /* Debug */ = {
			isa = XCBuildConfiguration;
			buildSettings = {
				ALWAYS_SEARCH_USER_PATHS = NO;
				CLANG_ANALYZER_NONNULL = YES;
				CLANG_ANALYZER_NUMBER_OBJECT_CONVERSION = YES_AGGRESSIVE;
				CLANG_CXX_LANGUAGE_STANDARD = "gnu++20";
				CLANG_ENABLE_MODULES = YES;
				CLANG_ENABLE_OBJC_ARC = YES;
				CLANG_ENABLE_OBJC_WEAK = YES;
				CLANG_WARN_BLOCK_CAPTURE_AUTORELEASING = YES;
				CLANG_WARN_BOOL_CONVERSION = YES;
				CLANG_WARN_COMMA = YES;
				CLANG_WARN_CONSTANT_CONVERSION = YES;
				CLANG_WARN_DEPRECATED_OBJC_IMPLEMENTATIONS = YES;
				CLANG_WARN_DIRECT_OBJC_ISA_USAGE = YES_ERROR;
				CLANG_WARN_DOCUMENTATION_COMMENTS = YES;
				CLANG_WARN_EMPTY_BODY = YES;
				CLANG_WARN_ENUM_CONVERSION = YES;
				CLANG_WARN_INFINITE_RECURSION = YES;
				CLANG_WARN_INT_CONVERSION = YES;
				CLANG_WARN_NON_LITERAL_NULL_CONVERSION = YES;
				CLANG_WARN_OBJC_IMPLICIT_RETAIN_SELF = YES;
				CLANG_WARN_OBJC_LITERAL_CONVERSION = YES;
				CLANG_WARN_OBJC_ROOT_CLASS = YES_ERROR;
				CLANG_WARN_QUOTED_INCLUDE_IN_FRAMEWORK_HEADER = YES;
				CLANG_WARN_RANGE_LOOP_ANALYSIS = YES;
				CLANG_WARN_STRICT_PROTOTYPES = YES;
				CLANG_WARN_SUSPICIOUS_MOVE = YES;
				CLANG_WARN_UNGUARDED_AVAILABILITY = YES_AGGRESSIVE;
				CLANG_WARN_UNREACHABLE_CODE = YES;
				CLANG_WARN__DUPLICATE_METHOD_MATCH = YES;
				COPY_PHASE_STRIP = NO;
				DEBUG_INFORMATION_FORMAT = dwarf;
				ENABLE_STRICT_OBJC_MSGSEND = YES;
				ENABLE_TESTABILITY = YES;
				GCC_C_LANGUAGE_STANDARD = gnu11;
				GCC_DYNAMIC_NO_PIC = NO;
				GCC_NO_COMMON_BLOCKS = YES;
				GCC_OPTIMIZATION_LEVEL = 0;
				GCC_PREPROCESSOR_DEFINITIONS = (
					"DEBUG=1",
					"$(inherited)",
				);
				GCC_WARN_64_TO_32_BIT_CONVERSION = YES;
				GCC_WARN_ABOUT_RETURN_TYPE = YES_ERROR;
				GCC_WARN_UNDECLARED_SELECTOR = YES;
				GCC_WARN_UNINITIALIZED_AUTOS = YES_AGGRESSIVE;
				GCC_WARN_UNUSED_FUNCTION = YES;
				GCC_WARN_UNUSED_VARIABLE = YES;
				IPHONEOS_DEPLOYMENT_TARGET = 16.2;
				MTL_ENABLE_DEBUG_INFO = INCLUDE_SOURCE;
				MTL_FAST_MATH = YES;
				ONLY_ACTIVE_ARCH = YES;
				SDKROOT = iphoneos;
				SWIFT_ACTIVE_COMPILATION_CONDITIONS = DEBUG;
				SWIFT_OPTIMIZATION_LEVEL = "-Onone";
			};
			name = Debug;
		};
		C4C8251B29CEDBC2002808D0 /* Release */ = {
			isa = XCBuildConfiguration;
			buildSettings = {
				ALWAYS_SEARCH_USER_PATHS = NO;
				CLANG_ANALYZER_NONNULL = YES;
				CLANG_ANALYZER_NUMBER_OBJECT_CONVERSION = YES_AGGRESSIVE;
				CLANG_CXX_LANGUAGE_STANDARD = "gnu++20";
				CLANG_ENABLE_MODULES = YES;
				CLANG_ENABLE_OBJC_ARC = YES;
				CLANG_ENABLE_OBJC_WEAK = YES;
				CLANG_WARN_BLOCK_CAPTURE_AUTORELEASING = YES;
				CLANG_WARN_BOOL_CONVERSION = YES;
				CLANG_WARN_COMMA = YES;
				CLANG_WARN_CONSTANT_CONVERSION = YES;
				CLANG_WARN_DEPRECATED_OBJC_IMPLEMENTATIONS = YES;
				CLANG_WARN_DIRECT_OBJC_ISA_USAGE = YES_ERROR;
				CLANG_WARN_DOCUMENTATION_COMMENTS = YES;
				CLANG_WARN_EMPTY_BODY = YES;
				CLANG_WARN_ENUM_CONVERSION = YES;
				CLANG_WARN_INFINITE_RECURSION = YES;
				CLANG_WARN_INT_CONVERSION = YES;
				CLANG_WARN_NON_LITERAL_NULL_CONVERSION = YES;
				CLANG_WARN_OBJC_IMPLICIT_RETAIN_SELF = YES;
				CLANG_WARN_OBJC_LITERAL_CONVERSION = YES;
				CLANG_WARN_OBJC_ROOT_CLASS = YES_ERROR;
				CLANG_WARN_QUOTED_INCLUDE_IN_FRAMEWORK_HEADER = YES;
				CLANG_WARN_RANGE_LOOP_ANALYSIS = YES;
				CLANG_WARN_STRICT_PROTOTYPES = YES;
				CLANG_WARN_SUSPICIOUS_MOVE = YES;
				CLANG_WARN_UNGUARDED_AVAILABILITY = YES_AGGRESSIVE;
				CLANG_WARN_UNREACHABLE_CODE = YES;
				CLANG_WARN__DUPLICATE_METHOD_MATCH = YES;
				COPY_PHASE_STRIP = NO;
				DEBUG_INFORMATION_FORMAT = "dwarf-with-dsym";
				ENABLE_NS_ASSERTIONS = NO;
				ENABLE_STRICT_OBJC_MSGSEND = YES;
				GCC_C_LANGUAGE_STANDARD = gnu11;
				GCC_NO_COMMON_BLOCKS = YES;
				GCC_WARN_64_TO_32_BIT_CONVERSION = YES;
				GCC_WARN_ABOUT_RETURN_TYPE = YES_ERROR;
				GCC_WARN_UNDECLARED_SELECTOR = YES;
				GCC_WARN_UNINITIALIZED_AUTOS = YES_AGGRESSIVE;
				GCC_WARN_UNUSED_FUNCTION = YES;
				GCC_WARN_UNUSED_VARIABLE = YES;
				IPHONEOS_DEPLOYMENT_TARGET = 16.2;
				MTL_ENABLE_DEBUG_INFO = NO;
				MTL_FAST_MATH = YES;
				SDKROOT = iphoneos;
				SWIFT_COMPILATION_MODE = wholemodule;
				SWIFT_OPTIMIZATION_LEVEL = "-O";
				VALIDATE_PRODUCT = YES;
			};
			name = Release;
		};
		C4C8251D29CEDBC2002808D0 /* Debug */ = {
			isa = XCBuildConfiguration;
			buildSettings = {
				ASSETCATALOG_COMPILER_APPICON_NAME = AppIcon;
				ASSETCATALOG_COMPILER_GLOBAL_ACCENT_COLOR_NAME = AccentColor;
				CODE_SIGN_STYLE = Automatic;
				CURRENT_PROJECT_VERSION = 1;
				DEVELOPMENT_TEAM = 5XZHHC4623;
				GENERATE_INFOPLIST_FILE = YES;
				INFOPLIST_FILE = AppStore/Info.plist;
				INFOPLIST_KEY_UIApplicationSupportsIndirectInputEvents = YES;
				INFOPLIST_KEY_UILaunchStoryboardName = LaunchScreen;
				INFOPLIST_KEY_UIMainStoryboardFile = "";
				INFOPLIST_KEY_UISupportedInterfaceOrientations_iPad = "UIInterfaceOrientationPortrait UIInterfaceOrientationPortraitUpsideDown UIInterfaceOrientationLandscapeLeft UIInterfaceOrientationLandscapeRight";
				INFOPLIST_KEY_UISupportedInterfaceOrientations_iPhone = "UIInterfaceOrientationPortrait UIInterfaceOrientationLandscapeLeft UIInterfaceOrientationLandscapeRight";
				LD_RUNPATH_SEARCH_PATHS = (
					"$(inherited)",
					"@executable_path/Frameworks",
				);
				MARKETING_VERSION = 1.0;
				PRODUCT_BUNDLE_IDENTIFIER = com.hakkicansengonul.AppStore;
				PRODUCT_NAME = "$(TARGET_NAME)";
				SWIFT_EMIT_LOC_STRINGS = YES;
				SWIFT_VERSION = 5.0;
				TARGETED_DEVICE_FAMILY = "1,2";
			};
			name = Debug;
		};
		C4C8251E29CEDBC2002808D0 /* Release */ = {
			isa = XCBuildConfiguration;
			buildSettings = {
				ASSETCATALOG_COMPILER_APPICON_NAME = AppIcon;
				ASSETCATALOG_COMPILER_GLOBAL_ACCENT_COLOR_NAME = AccentColor;
				CODE_SIGN_STYLE = Automatic;
				CURRENT_PROJECT_VERSION = 1;
				DEVELOPMENT_TEAM = 5XZHHC4623;
				GENERATE_INFOPLIST_FILE = YES;
				INFOPLIST_FILE = AppStore/Info.plist;
				INFOPLIST_KEY_UIApplicationSupportsIndirectInputEvents = YES;
				INFOPLIST_KEY_UILaunchStoryboardName = LaunchScreen;
				INFOPLIST_KEY_UIMainStoryboardFile = "";
				INFOPLIST_KEY_UISupportedInterfaceOrientations_iPad = "UIInterfaceOrientationPortrait UIInterfaceOrientationPortraitUpsideDown UIInterfaceOrientationLandscapeLeft UIInterfaceOrientationLandscapeRight";
				INFOPLIST_KEY_UISupportedInterfaceOrientations_iPhone = "UIInterfaceOrientationPortrait UIInterfaceOrientationLandscapeLeft UIInterfaceOrientationLandscapeRight";
				LD_RUNPATH_SEARCH_PATHS = (
					"$(inherited)",
					"@executable_path/Frameworks",
				);
				MARKETING_VERSION = 1.0;
				PRODUCT_BUNDLE_IDENTIFIER = com.hakkicansengonul.AppStore;
				PRODUCT_NAME = "$(TARGET_NAME)";
				SWIFT_EMIT_LOC_STRINGS = YES;
				SWIFT_VERSION = 5.0;
				TARGETED_DEVICE_FAMILY = "1,2";
			};
			name = Release;
		};
/* End XCBuildConfiguration section */

/* Begin XCConfigurationList section */
		C4C8250329CEDBBF002808D0 /* Build configuration list for PBXProject "AppStore" */ = {
			isa = XCConfigurationList;
			buildConfigurations = (
				C4C8251A29CEDBC2002808D0 /* Debug */,
				C4C8251B29CEDBC2002808D0 /* Release */,
			);
			defaultConfigurationIsVisible = 0;
			defaultConfigurationName = Release;
		};
		C4C8251C29CEDBC2002808D0 /* Build configuration list for PBXNativeTarget "AppStore" */ = {
			isa = XCConfigurationList;
			buildConfigurations = (
				C4C8251D29CEDBC2002808D0 /* Debug */,
				C4C8251E29CEDBC2002808D0 /* Release */,
			);
			defaultConfigurationIsVisible = 0;
			defaultConfigurationName = Release;
		};
/* End XCConfigurationList section */

/* Begin XCRemoteSwiftPackageReference section */
		C456E66D29D8129E00EEBA57 /* XCRemoteSwiftPackageReference "Alamofire" */ = {
			isa = XCRemoteSwiftPackageReference;
			repositoryURL = "https://github.com/Alamofire/Alamofire.git";
			requirement = {
				branch = master;
				kind = branch;
			};
		};
		C456E68829D8557700EEBA57 /* XCRemoteSwiftPackageReference "Kingfisher" */ = {
			isa = XCRemoteSwiftPackageReference;
			repositoryURL = "https://github.com/onevcat/Kingfisher.git";
			requirement = {
				branch = master;
				kind = branch;
			};
		};
/* End XCRemoteSwiftPackageReference section */

/* Begin XCSwiftPackageProductDependency section */
		C456E66E29D8129E00EEBA57 /* Alamofire */ = {
			isa = XCSwiftPackageProductDependency;
			package = C456E66D29D8129E00EEBA57 /* XCRemoteSwiftPackageReference "Alamofire" */;
			productName = Alamofire;
		};
		C456E68929D8557700EEBA57 /* Kingfisher */ = {
			isa = XCSwiftPackageProductDependency;
			package = C456E68829D8557700EEBA57 /* XCRemoteSwiftPackageReference "Kingfisher" */;
			productName = Kingfisher;
		};
/* End XCSwiftPackageProductDependency section */
	};
	rootObject = C4C8250029CEDBBF002808D0 /* Project object */;
}
